// !$*UTF8*$!
{
	archiveVersion = 1;
	classes = {
	};
	objectVersion = 46;
	objects = {

/* Begin PBXBuildFile section */
		32B25F971D936C8500C56855 /* aescrypt.c in Sources */ = {isa = PBXBuildFile; fileRef = 32B25F751D936C8500C56855 /* aescrypt.c */; };
		32B25F981D936C8500C56855 /* aeskey.c in Sources */ = {isa = PBXBuildFile; fileRef = 32B25F761D936C8500C56855 /* aeskey.c */; };
		32B25F991D936C8500C56855 /* aestab.c in Sources */ = {isa = PBXBuildFile; fileRef = 32B25F781D936C8500C56855 /* aestab.c */; };
		32B25F9A1D936C8500C56855 /* entropy.c in Sources */ = {isa = PBXBuildFile; fileRef = 32B25F7C1D936C8500C56855 /* entropy.c */; };
		32B25F9B1D936C8500C56855 /* fileenc.c in Sources */ = {isa = PBXBuildFile; fileRef = 32B25F7E1D936C8500C56855 /* fileenc.c */; };
		32B25F9C1D936C8500C56855 /* hmac.c in Sources */ = {isa = PBXBuildFile; fileRef = 32B25F801D936C8500C56855 /* hmac.c */; };
		32B25F9D1D936C8500C56855 /* prng.c in Sources */ = {isa = PBXBuildFile; fileRef = 32B25F821D936C8500C56855 /* prng.c */; };
		32B25F9E1D936C8500C56855 /* pwd2key.c in Sources */ = {isa = PBXBuildFile; fileRef = 32B25F841D936C8500C56855 /* pwd2key.c */; };
		32B25F9F1D936C8500C56855 /* sha1.c in Sources */ = {isa = PBXBuildFile; fileRef = 32B25F861D936C8500C56855 /* sha1.c */; };
		32B25FA01D936C8500C56855 /* ioapi.c in Sources */ = {isa = PBXBuildFile; fileRef = 32B25F8B1D936C8500C56855 /* ioapi.c */; };
		32B25FA11D936C8500C56855 /* mztools.c in Sources */ = {isa = PBXBuildFile; fileRef = 32B25F8D1D936C8500C56855 /* mztools.c */; };
		32B25FA21D936C8500C56855 /* unzip.c in Sources */ = {isa = PBXBuildFile; fileRef = 32B25F8F1D936C8500C56855 /* unzip.c */; };
		32B25FA31D936C8500C56855 /* zip.c in Sources */ = {isa = PBXBuildFile; fileRef = 32B25F911D936C8500C56855 /* zip.c */; };
		32B25FA41D936C8500C56855 /* SSZipArchive.m in Sources */ = {isa = PBXBuildFile; fileRef = 32B25F941D936C8500C56855 /* SSZipArchive.m */; };
		32B25FA51D936C8500C56855 /* ZipPlugin.m in Sources */ = {isa = PBXBuildFile; fileRef = 32B25F961D936C8500C56855 /* ZipPlugin.m */; };
/* End PBXBuildFile section */

/* Begin PBXCopyFilesBuildPhase section */
		32D980DB1BE9F11C00FA27E5 /* CopyFiles */ = {
			isa = PBXCopyFilesBuildPhase;
			buildActionMask = 2147483647;
			dstPath = "include/$(PRODUCT_NAME)";
			dstSubfolderSpec = 16;
			files = (
			);
			runOnlyForDeploymentPostprocessing = 0;
		};
/* End PBXCopyFilesBuildPhase section */

/* Begin PBXFileReference section */
		32B25F731D936C8500C56855 /* aes.h */ = {isa = PBXFileReference; fileEncoding = 4; lastKnownFileType = sourcecode.c.h; path = aes.h; sourceTree = "<group>"; };
		32B25F741D936C8500C56855 /* aes_via_ace.h */ = {isa = PBXFileReference; fileEncoding = 4; lastKnownFileType = sourcecode.c.h; path = aes_via_ace.h; sourceTree = "<group>"; };
		32B25F751D936C8500C56855 /* aescrypt.c */ = {isa = PBXFileReference; fileEncoding = 4; lastKnownFileType = sourcecode.c.c; path = aescrypt.c; sourceTree = "<group>"; };
		32B25F761D936C8500C56855 /* aeskey.c */ = {isa = PBXFileReference; fileEncoding = 4; lastKnownFileType = sourcecode.c.c; path = aeskey.c; sourceTree = "<group>"; };
		32B25F771D936C8500C56855 /* aesopt.h */ = {isa = PBXFileReference; fileEncoding = 4; lastKnownFileType = sourcecode.c.h; path = aesopt.h; sourceTree = "<group>"; };
		32B25F781D936C8500C56855 /* aestab.c */ = {isa = PBXFileReference; fileEncoding = 4; lastKnownFileType = sourcecode.c.c; path = aestab.c; sourceTree = "<group>"; };
		32B25F791D936C8500C56855 /* aestab.h */ = {isa = PBXFileReference; fileEncoding = 4; lastKnownFileType = sourcecode.c.h; path = aestab.h; sourceTree = "<group>"; };
		32B25F7A1D936C8500C56855 /* brg_endian.h */ = {isa = PBXFileReference; fileEncoding = 4; lastKnownFileType = sourcecode.c.h; path = brg_endian.h; sourceTree = "<group>"; };
		32B25F7B1D936C8500C56855 /* brg_types.h */ = {isa = PBXFileReference; fileEncoding = 4; lastKnownFileType = sourcecode.c.h; path = brg_types.h; sourceTree = "<group>"; };
		32B25F7C1D936C8500C56855 /* entropy.c */ = {isa = PBXFileReference; fileEncoding = 4; lastKnownFileType = sourcecode.c.c; path = entropy.c; sourceTree = "<group>"; };
		32B25F7D1D936C8500C56855 /* entropy.h */ = {isa = PBXFileReference; fileEncoding = 4; lastKnownFileType = sourcecode.c.h; path = entropy.h; sourceTree = "<group>"; };
		32B25F7E1D936C8500C56855 /* fileenc.c */ = {isa = PBXFileReference; fileEncoding = 4; lastKnownFileType = sourcecode.c.c; path = fileenc.c; sourceTree = "<group>"; };
		32B25F7F1D936C8500C56855 /* fileenc.h */ = {isa = PBXFileReference; fileEncoding = 4; lastKnownFileType = sourcecode.c.h; path = fileenc.h; sourceTree = "<group>"; };
		32B25F801D936C8500C56855 /* hmac.c */ = {isa = PBXFileReference; fileEncoding = 4; lastKnownFileType = sourcecode.c.c; path = hmac.c; sourceTree = "<group>"; };
		32B25F811D936C8500C56855 /* hmac.h */ = {isa = PBXFileReference; fileEncoding = 4; lastKnownFileType = sourcecode.c.h; path = hmac.h; sourceTree = "<group>"; };
		32B25F821D936C8500C56855 /* prng.c */ = {isa = PBXFileReference; fileEncoding = 4; lastKnownFileType = sourcecode.c.c; path = prng.c; sourceTree = "<group>"; };
		32B25F831D936C8500C56855 /* prng.h */ = {isa = PBXFileReference; fileEncoding = 4; lastKnownFileType = sourcecode.c.h; path = prng.h; sourceTree = "<group>"; };
		32B25F841D936C8500C56855 /* pwd2key.c */ = {isa = PBXFileReference; fileEncoding = 4; lastKnownFileType = sourcecode.c.c; path = pwd2key.c; sourceTree = "<group>"; };
		32B25F851D936C8500C56855 /* pwd2key.h */ = {isa = PBXFileReference; fileEncoding = 4; lastKnownFileType = sourcecode.c.h; path = pwd2key.h; sourceTree = "<group>"; };
		32B25F861D936C8500C56855 /* sha1.c */ = {isa = PBXFileReference; fileEncoding = 4; lastKnownFileType = sourcecode.c.c; path = sha1.c; sourceTree = "<group>"; };
		32B25F871D936C8500C56855 /* sha1.h */ = {isa = PBXFileReference; fileEncoding = 4; lastKnownFileType = sourcecode.c.h; path = sha1.h; sourceTree = "<group>"; };
		32B25F881D936C8500C56855 /* Common.h */ = {isa = PBXFileReference; fileEncoding = 4; lastKnownFileType = sourcecode.c.h; path = Common.h; sourceTree = "<group>"; };
		32B25F8A1D936C8500C56855 /* crypt.h */ = {isa = PBXFileReference; fileEncoding = 4; lastKnownFileType = sourcecode.c.h; path = crypt.h; sourceTree = "<group>"; };
		32B25F8B1D936C8500C56855 /* ioapi.c */ = {isa = PBXFileReference; fileEncoding = 4; lastKnownFileType = sourcecode.c.c; path = ioapi.c; sourceTree = "<group>"; };
		32B25F8C1D936C8500C56855 /* ioapi.h */ = {isa = PBXFileReference; fileEncoding = 4; lastKnownFileType = sourcecode.c.h; path = ioapi.h; sourceTree = "<group>"; };
		32B25F8D1D936C8500C56855 /* mztools.c */ = {isa = PBXFileReference; fileEncoding = 4; lastKnownFileType = sourcecode.c.c; path = mztools.c; sourceTree = "<group>"; };
		32B25F8E1D936C8500C56855 /* mztools.h */ = {isa = PBXFileReference; fileEncoding = 4; lastKnownFileType = sourcecode.c.h; path = mztools.h; sourceTree = "<group>"; };
		32B25F8F1D936C8500C56855 /* unzip.c */ = {isa = PBXFileReference; fileEncoding = 4; lastKnownFileType = sourcecode.c.c; path = unzip.c; sourceTree = "<group>"; };
		32B25F901D936C8500C56855 /* unzip.h */ = {isa = PBXFileReference; fileEncoding = 4; lastKnownFileType = sourcecode.c.h; path = unzip.h; sourceTree = "<group>"; };
		32B25F911D936C8500C56855 /* zip.c */ = {isa = PBXFileReference; fileEncoding = 4; lastKnownFileType = sourcecode.c.c; path = zip.c; sourceTree = "<group>"; };
		32B25F921D936C8500C56855 /* zip.h */ = {isa = PBXFileReference; fileEncoding = 4; lastKnownFileType = sourcecode.c.h; path = zip.h; sourceTree = "<group>"; };
		32B25F931D936C8500C56855 /* SSZipArchive.h */ = {isa = PBXFileReference; fileEncoding = 4; lastKnownFileType = sourcecode.c.h; path = SSZipArchive.h; sourceTree = "<group>"; };
		32B25F941D936C8500C56855 /* SSZipArchive.m */ = {isa = PBXFileReference; fileEncoding = 4; lastKnownFileType = sourcecode.c.objc; path = SSZipArchive.m; sourceTree = "<group>"; };
		32B25F951D936C8500C56855 /* ZipPlugin.h */ = {isa = PBXFileReference; fileEncoding = 4; lastKnownFileType = sourcecode.c.h; path = ZipPlugin.h; sourceTree = "<group>"; };
		32B25F961D936C8500C56855 /* ZipPlugin.m */ = {isa = PBXFileReference; fileEncoding = 4; lastKnownFileType = sourcecode.c.objc; path = ZipPlugin.m; sourceTree = "<group>"; };
		32D980DD1BE9F11C00FA27E5 /* libRCTZip.a */ = {isa = PBXFileReference; explicitFileType = archive.ar; includeInIndex = 0; path = libRCTZip.a; sourceTree = BUILT_PRODUCTS_DIR; };
/* End PBXFileReference section */

/* Begin PBXFrameworksBuildPhase section */
		32D980DA1BE9F11C00FA27E5 /* Frameworks */ = {
			isa = PBXFrameworksBuildPhase;
			buildActionMask = 2147483647;
			files = (
			);
			runOnlyForDeploymentPostprocessing = 0;
		};
/* End PBXFrameworksBuildPhase section */

/* Begin PBXGroup section */
		32B25F721D936C8500C56855 /* aes */ = {
			isa = PBXGroup;
			children = (
				32B25F731D936C8500C56855 /* aes.h */,
				32B25F741D936C8500C56855 /* aes_via_ace.h */,
				32B25F751D936C8500C56855 /* aescrypt.c */,
				32B25F761D936C8500C56855 /* aeskey.c */,
				32B25F771D936C8500C56855 /* aesopt.h */,
				32B25F781D936C8500C56855 /* aestab.c */,
				32B25F791D936C8500C56855 /* aestab.h */,
				32B25F7A1D936C8500C56855 /* brg_endian.h */,
				32B25F7B1D936C8500C56855 /* brg_types.h */,
				32B25F7C1D936C8500C56855 /* entropy.c */,
				32B25F7D1D936C8500C56855 /* entropy.h */,
				32B25F7E1D936C8500C56855 /* fileenc.c */,
				32B25F7F1D936C8500C56855 /* fileenc.h */,
				32B25F801D936C8500C56855 /* hmac.c */,
				32B25F811D936C8500C56855 /* hmac.h */,
				32B25F821D936C8500C56855 /* prng.c */,
				32B25F831D936C8500C56855 /* prng.h */,
				32B25F841D936C8500C56855 /* pwd2key.c */,
				32B25F851D936C8500C56855 /* pwd2key.h */,
				32B25F861D936C8500C56855 /* sha1.c */,
				32B25F871D936C8500C56855 /* sha1.h */,
			);
			path = aes;
			sourceTree = "<group>";
		};
		32B25F891D936C8500C56855 /* minizip */ = {
			isa = PBXGroup;
			children = (
				32B25F8A1D936C8500C56855 /* crypt.h */,
				32B25F8B1D936C8500C56855 /* ioapi.c */,
				32B25F8C1D936C8500C56855 /* ioapi.h */,
				32B25F8D1D936C8500C56855 /* mztools.c */,
				32B25F8E1D936C8500C56855 /* mztools.h */,
				32B25F8F1D936C8500C56855 /* unzip.c */,
				32B25F901D936C8500C56855 /* unzip.h */,
				32B25F911D936C8500C56855 /* zip.c */,
				32B25F921D936C8500C56855 /* zip.h */,
			);
			path = minizip;
			sourceTree = "<group>";
		};
		32D980D41BE9F11C00FA27E5 = {
			isa = PBXGroup;
			children = (
				32D980DF1BE9F11C00FA27E5 /* RCTZip */,
				32D980DE1BE9F11C00FA27E5 /* Products */,
			);
			sourceTree = "<group>";
		};
		32D980DE1BE9F11C00FA27E5 /* Products */ = {
			isa = PBXGroup;
			children = (
				32D980DD1BE9F11C00FA27E5 /* libRCTZip.a */,
			);
			name = Products;
			sourceTree = "<group>";
		};
		32D980DF1BE9F11C00FA27E5 /* RCTZip */ = {
			isa = PBXGroup;
			children = (
				32B25F721D936C8500C56855 /* aes */,
				32B25F881D936C8500C56855 /* Common.h */,
				32B25F891D936C8500C56855 /* minizip */,
				32B25F931D936C8500C56855 /* SSZipArchive.h */,
				32B25F941D936C8500C56855 /* SSZipArchive.m */,
				32B25F951D936C8500C56855 /* ZipPlugin.h */,
				32B25F961D936C8500C56855 /* ZipPlugin.m */,
			);
			path = RCTZip;
			sourceTree = "<group>";
		};
/* End PBXGroup section */

/* Begin PBXNativeTarget section */
		32D980DC1BE9F11C00FA27E5 /* RCTZip */ = {
			isa = PBXNativeTarget;
			buildConfigurationList = 32D980F11BE9F11C00FA27E5 /* Build configuration list for PBXNativeTarget "RCTZip" */;
			buildPhases = (
				32D980D91BE9F11C00FA27E5 /* Sources */,
				32D980DA1BE9F11C00FA27E5 /* Frameworks */,
				32D980DB1BE9F11C00FA27E5 /* CopyFiles */,
			);
			buildRules = (
			);
			dependencies = (
			);
			name = RCTZip;
			productName = RCTZip;
			productReference = 32D980DD1BE9F11C00FA27E5 /* libRCTZip.a */;
			productType = "com.apple.product-type.library.static";
		};
/* End PBXNativeTarget section */

/* Begin PBXProject section */
		32D980D51BE9F11C00FA27E5 /* Project object */ = {
			isa = PBXProject;
			attributes = {
				LastUpgradeCheck = 0640;
				ORGANIZATIONNAME = remobile;
				TargetAttributes = {
					32D980DC1BE9F11C00FA27E5 = {
						CreatedOnToolsVersion = 6.4;
					};
				};
			};
			buildConfigurationList = 32D980D81BE9F11C00FA27E5 /* Build configuration list for PBXProject "RCTZip" */;
			compatibilityVersion = "Xcode 3.2";
			developmentRegion = English;
			hasScannedForEncodings = 0;
			knownRegions = (
				en,
			);
			mainGroup = 32D980D41BE9F11C00FA27E5;
			productRefGroup = 32D980DE1BE9F11C00FA27E5 /* Products */;
			projectDirPath = "";
			projectRoot = "";
			targets = (
				32D980DC1BE9F11C00FA27E5 /* RCTZip */,
			);
		};
/* End PBXProject section */

/* Begin PBXSourcesBuildPhase section */
		32D980D91BE9F11C00FA27E5 /* Sources */ = {
			isa = PBXSourcesBuildPhase;
			buildActionMask = 2147483647;
			files = (
				32B25F9E1D936C8500C56855 /* pwd2key.c in Sources */,
				32B25F9C1D936C8500C56855 /* hmac.c in Sources */,
				32B25F971D936C8500C56855 /* aescrypt.c in Sources */,
				32B25F9F1D936C8500C56855 /* sha1.c in Sources */,
				32B25FA01D936C8500C56855 /* ioapi.c in Sources */,
				32B25FA11D936C8500C56855 /* mztools.c in Sources */,
				32B25FA21D936C8500C56855 /* unzip.c in Sources */,
				32B25F991D936C8500C56855 /* aestab.c in Sources */,
				32B25F981D936C8500C56855 /* aeskey.c in Sources */,
				32B25F9B1D936C8500C56855 /* fileenc.c in Sources */,
				32B25FA31D936C8500C56855 /* zip.c in Sources */,
				32B25F9D1D936C8500C56855 /* prng.c in Sources */,
				32B25FA51D936C8500C56855 /* ZipPlugin.m in Sources */,
				32B25FA41D936C8500C56855 /* SSZipArchive.m in Sources */,
				32B25F9A1D936C8500C56855 /* entropy.c in Sources */,
			);
			runOnlyForDeploymentPostprocessing = 0;
		};
/* End PBXSourcesBuildPhase section */

/* Begin XCBuildConfiguration section */
		32D980EF1BE9F11C00FA27E5 /* Debug */ = {
			isa = XCBuildConfiguration;
			buildSettings = {
				ALWAYS_SEARCH_USER_PATHS = NO;
				CLANG_CXX_LANGUAGE_STANDARD = "gnu++0x";
				CLANG_CXX_LIBRARY = "libc++";
				CLANG_ENABLE_MODULES = YES;
				CLANG_ENABLE_OBJC_ARC = YES;
				CLANG_WARN_BOOL_CONVERSION = YES;
				CLANG_WARN_CONSTANT_CONVERSION = YES;
				CLANG_WARN_DIRECT_OBJC_ISA_USAGE = YES_ERROR;
				CLANG_WARN_EMPTY_BODY = YES;
				CLANG_WARN_ENUM_CONVERSION = YES;
				CLANG_WARN_INT_CONVERSION = YES;
				CLANG_WARN_OBJC_ROOT_CLASS = YES_ERROR;
				CLANG_WARN_UNREACHABLE_CODE = YES;
				CLANG_WARN__DUPLICATE_METHOD_MATCH = YES;
				COPY_PHASE_STRIP = NO;
				DEBUG_INFORMATION_FORMAT = "dwarf-with-dsym";
				ENABLE_STRICT_OBJC_MSGSEND = YES;
				GCC_C_LANGUAGE_STANDARD = gnu99;
				GCC_DYNAMIC_NO_PIC = NO;
				GCC_NO_COMMON_BLOCKS = YES;
				GCC_OPTIMIZATION_LEVEL = 0;
				GCC_PREPROCESSOR_DEFINITIONS = (
					"DEBUG=1",
					"$(inherited)",
				);
				GCC_SYMBOLS_PRIVATE_EXTERN = NO;
				GCC_WARN_64_TO_32_BIT_CONVERSION = YES;
				GCC_WARN_ABOUT_RETURN_TYPE = YES_ERROR;
				GCC_WARN_UNDECLARED_SELECTOR = YES;
				GCC_WARN_UNINITIALIZED_AUTOS = YES_AGGRESSIVE;
				GCC_WARN_UNUSED_FUNCTION = YES;
				GCC_WARN_UNUSED_VARIABLE = YES;
				IPHONEOS_DEPLOYMENT_TARGET = 7.0;
				MTL_ENABLE_DEBUG_INFO = YES;
				ONLY_ACTIVE_ARCH = YES;
				SDKROOT = iphoneos;
			};
			name = Debug;
		};
		32D980F01BE9F11C00FA27E5 /* Release */ = {
			isa = XCBuildConfiguration;
			buildSettings = {
				ALWAYS_SEARCH_USER_PATHS = NO;
				CLANG_CXX_LANGUAGE_STANDARD = "gnu++0x";
				CLANG_CXX_LIBRARY = "libc++";
				CLANG_ENABLE_MODULES = YES;
				CLANG_ENABLE_OBJC_ARC = YES;
				CLANG_WARN_BOOL_CONVERSION = YES;
				CLANG_WARN_CONSTANT_CONVERSION = YES;
				CLANG_WARN_DIRECT_OBJC_ISA_USAGE = YES_ERROR;
				CLANG_WARN_EMPTY_BODY = YES;
				CLANG_WARN_ENUM_CONVERSION = YES;
				CLANG_WARN_INT_CONVERSION = YES;
				CLANG_WARN_OBJC_ROOT_CLASS = YES_ERROR;
				CLANG_WARN_UNREACHABLE_CODE = YES;
				CLANG_WARN__DUPLICATE_METHOD_MATCH = YES;
				COPY_PHASE_STRIP = NO;
				DEBUG_INFORMATION_FORMAT = "dwarf-with-dsym";
				ENABLE_NS_ASSERTIONS = NO;
				ENABLE_STRICT_OBJC_MSGSEND = YES;
				GCC_C_LANGUAGE_STANDARD = gnu99;
				GCC_NO_COMMON_BLOCKS = YES;
				GCC_WARN_64_TO_32_BIT_CONVERSION = YES;
				GCC_WARN_ABOUT_RETURN_TYPE = YES_ERROR;
				GCC_WARN_UNDECLARED_SELECTOR = YES;
				GCC_WARN_UNINITIALIZED_AUTOS = YES_AGGRESSIVE;
				GCC_WARN_UNUSED_FUNCTION = YES;
				GCC_WARN_UNUSED_VARIABLE = YES;
				IPHONEOS_DEPLOYMENT_TARGET = 7.0;
				MTL_ENABLE_DEBUG_INFO = NO;
				SDKROOT = iphoneos;
				VALIDATE_PRODUCT = YES;
			};
			name = Release;
		};
		32D980F21BE9F11C00FA27E5 /* Debug */ = {
			isa = XCBuildConfiguration;
			buildSettings = {
				HEADER_SEARCH_PATHS = (
					"$(inherited)",
					/Applications/Xcode.app/Contents/Developer/Toolchains/XcodeDefault.xctoolchain/usr/include,
					"$(SRCROOT)/../../../react-native/React/**",
					"$(SRCROOT)/../../react-native-cordova/ios/RCTCordova",
					"$(SRCROOT)/../../../../../node_modules/react-native/React/**",
				);
				OTHER_LDFLAGS = "-ObjC";
				PRODUCT_NAME = "$(TARGET_NAME)";
				SKIP_INSTALL = YES;
			};
			name = Debug;
		};
		32D980F31BE9F11C00FA27E5 /* Release */ = {
			isa = XCBuildConfiguration;
			buildSettings = {
				HEADER_SEARCH_PATHS = (
					"$(inherited)",
					/Applications/Xcode.app/Contents/Developer/Toolchains/XcodeDefault.xctoolchain/usr/include,
					"$(SRCROOT)/../../../react-native/React/**",
					"$(SRCROOT)/../../react-native-cordova/ios/RCTCordova",
					"$(SRCROOT)/../../../../../node_modules/react-native/React/**",
				);
				OTHER_LDFLAGS = "-ObjC";
				PRODUCT_NAME = "$(TARGET_NAME)";
				SKIP_INSTALL = YES;
			};
			name = Release;
		};
/* End XCBuildConfiguration section */

/* Begin XCConfigurationList section */
		32D980D81BE9F11C00FA27E5 /* Build configuration list for PBXProject "RCTZip" */ = {
			isa = XCConfigurationList;
			buildConfigurations = (
				32D980EF1BE9F11C00FA27E5 /* Debug */,
				32D980F01BE9F11C00FA27E5 /* Release */,
			);
			defaultConfigurationIsVisible = 0;
			defaultConfigurationName = Release;
		};
		32D980F11BE9F11C00FA27E5 /* Build configuration list for PBXNativeTarget "RCTZip" */ = {
			isa = XCConfigurationList;
			buildConfigurations = (
				32D980F21BE9F11C00FA27E5 /* Debug */,
				32D980F31BE9F11C00FA27E5 /* Release */,
			);
			defaultConfigurationIsVisible = 0;
			defaultConfigurationName = Release;
		};
/* End XCConfigurationList section */
	};
	rootObject = 32D980D51BE9F11C00FA27E5 /* Project object */;
}
